<?xml version="1.0" encoding="utf-8"?>
<Project ToolsVersion="18.0" xmlns="http://schemas.microsoft.com/developer/msbuild/2003">
  <ItemGroup>
    <CustomBuild Include="C:\Users\oklex\OneDrive\Documentos\sakhalin_colony_main\CMakeFiles\27adf311ffd28558f1bb2fd2cfe97a92\generate.stamp.rule">
      <Filter>CMake Rules</Filter>
    </CustomBuild>
  </ItemGroup>
  <ItemGroup>
    <Filter Include="CMake Rules">
      <UniqueIdentifier>{44E0675B-80DB-3D8E-8F78-EFCAAC5606C5}</UniqueIdentifier>
    </Filter>
  </ItemGroup>
</Project>
